
Microsoft Visual Studio Solution File, Format Version 12.00
# Visual Studio Version 17
VisualStudioVersion = 17.6.33815.320
MinimumVisualStudioVersion = 10.0.40219.1
Project("{FAE04EC0-301F-11D3-BF4B-00C04F79EFBC}") = "ConsoleUI", "ConsoleUI\ConsoleUI.csproj", "{5E6D01FA-E58A-4353-B252-F767A857098D}"
EndProject
Global
	GlobalSection(SolutionConfigurationPlatforms) = preSolution
		Debug|Any CPU = Debug|Any CPU
		Release|Any CPU = Release|Any CPU
	EndGlobalSection
	GlobalSection(ProjectConfigurationPlatforms) = postSolution
		{5E6D01FA-E58A-4353-B252-F767A857098D}.Debug|Any CPU.ActiveCfg = Debug|Any CPU
		{5E6D01FA-E58A-4353-B252-F767A857098D}.Debug|Any CPU.Build.0 = Debug|Any CPU
		{5E6D01FA-E58A-4353-B252-F767A857098D}.Release|Any CPU.ActiveCfg = Release|Any CPU
		{5E6D01FA-E58A-4353-B252-F767A857098D}.Release|Any CPU.Build.0 = Release|Any CPU
	EndGlobalSection
	GlobalSection(SolutionProperties) = preSolution
		HideSolutionNode = FALSE
	EndGlobalSection
	GlobalSection(ExtensibilityGlobals) = postSolution
		SolutionGuid = {706E8CE7-60FB-41C5-B6AC-5E793ECB16D9}
	EndGlobalSection
EndGlobal
